
Microsoft Visual Studio Solution File, Format Version 12.00
Project("{FAE04EC0-301F-11D3-BF4B-00C04F79EFBC}") = "Company.PixelSquad", "Company.PixelSquad\Company.PixelSquad.csproj", "{C9E21266-DE19-4100-A8B1-F49E0D1701E7}"
	ProjectSection(ProjectDependencies) = postProject
		{EC4796CC-4DE8-4AAB-8ED3-72CC8AC55C25} = {EC4796CC-4DE8-4AAB-8ED3-72CC8AC55C25}
		{1EDBCB14-F36F-434B-891A-93C4156247E4} = {1EDBCB14-F36F-434B-891A-93C4156247E4}
		{F4ABA962-397E-4581-804E-37500B439078} = {F4ABA962-397E-4581-804E-37500B439078}
		{B725F111-4AB1-404D-81F3-C08835DF7F51} = {B725F111-4AB1-404D-81F3-C08835DF7F51}
		{565168EF-6C4F-4951-AC54-0FCBAFD82C8F} = {565168EF-6C4F-4951-AC54-0FCBAFD82C8F}
	EndProjectSection
EndProject
Project("{2150E333-8FDC-42A3-9474-1A3956D46DE8}") = "1.1-ServiceDeployment", "1.1-ServiceDeployment", "{3FC011ED-3B5E-47B7-AEBF-77F44552574D}"
EndProject
Project("{2150E333-8FDC-42A3-9474-1A3956D46DE8}") = "1.2-Aplication", "1.2-Aplication", "{68A1E992-4F77-4868-BBBB-161157D1390F}"
EndProject
Project("{2150E333-8FDC-42A3-9474-1A3956D46DE8}") = "1.3-Domain", "1.3-Domain", "{2F6B308E-5054-4B9B-A7FE-47850645CF1F}"
EndProject
Project("{2150E333-8FDC-42A3-9474-1A3956D46DE8}") = "1.4-Infraestructure", "1.4-Infraestructure", "{8D193699-58D9-4B9A-9213-34E59B069727}"
EndProject
Project("{2150E333-8FDC-42A3-9474-1A3956D46DE8}") = "1.5-Resource", "1.5-Resource", "{E7934815-BA94-45AB-8BC0-34BD6723F2E5}"
EndProject
Project("{2150E333-8FDC-42A3-9474-1A3956D46DE8}") = "AzureFunction", "AzureFunction", "{5ECA53A3-DCE2-4463-AF5A-9CE6C9F99BB6}"
EndProject
Project("{2150E333-8FDC-42A3-9474-1A3956D46DE8}") = "DistribuitedServices", "DistribuitedServices", "{864800FD-89D3-48D4-8BF5-7078E1DF0B99}"
EndProject
Project("{FAE04EC0-301F-11D3-BF4B-00C04F79EFBC}") = "Domain.Base.Entities", "Domain.Base.Entities\Domain.Base.Entities.csproj", "{F4ABA962-397E-4581-804E-37500B439078}"
EndProject
Project("{2150E333-8FDC-42A3-9474-1A3956D46DE8}") = "1.4.1-Data-Access", "1.4.1-Data-Access", "{BC78EFA6-8A0E-4AD0-9EAC-3D7897500852}"
EndProject
Project("{FAE04EC0-301F-11D3-BF4B-00C04F79EFBC}") = "Infrastructure.DataAccess", "Infrastructure.DataAccess\Infrastructure.DataAccess.csproj", "{B725F111-4AB1-404D-81F3-C08835DF7F51}"
EndProject
Project("{FAE04EC0-301F-11D3-BF4B-00C04F79EFBC}") = "Aplication.PixelSquad", "Aplication.PixelSquad\Aplication.PixelSquad.csproj", "{1EDBCB14-F36F-434B-891A-93C4156247E4}"
EndProject
Project("{FAE04EC0-301F-11D3-BF4B-00C04F79EFBC}") = "DistribuitedServices.Global", "DistribuitedServices.Global\DistribuitedServices.Global.csproj", "{EC4796CC-4DE8-4AAB-8ED3-72CC8AC55C25}"
EndProject
Global
	GlobalSection(SolutionConfigurationPlatforms) = preSolution
		Debug|Any CPU = Debug|Any CPU
		Release|Any CPU = Release|Any CPU
	EndGlobalSection
	GlobalSection(ProjectConfigurationPlatforms) = postSolution
		{C9E21266-DE19-4100-A8B1-F49E0D1701E7}.Debug|Any CPU.ActiveCfg = Debug|Any CPU
		{C9E21266-DE19-4100-A8B1-F49E0D1701E7}.Debug|Any CPU.Build.0 = Debug|Any CPU
		{C9E21266-DE19-4100-A8B1-F49E0D1701E7}.Release|Any CPU.ActiveCfg = Release|Any CPU
		{C9E21266-DE19-4100-A8B1-F49E0D1701E7}.Release|Any CPU.Build.0 = Release|Any CPU
		{F4ABA962-397E-4581-804E-37500B439078}.Debug|Any CPU.ActiveCfg = Debug|Any CPU
		{F4ABA962-397E-4581-804E-37500B439078}.Debug|Any CPU.Build.0 = Debug|Any CPU
		{F4ABA962-397E-4581-804E-37500B439078}.Release|Any CPU.ActiveCfg = Release|Any CPU
		{F4ABA962-397E-4581-804E-37500B439078}.Release|Any CPU.Build.0 = Release|Any CPU
		{B725F111-4AB1-404D-81F3-C08835DF7F51}.Debug|Any CPU.ActiveCfg = Debug|Any CPU
		{B725F111-4AB1-404D-81F3-C08835DF7F51}.Debug|Any CPU.Build.0 = Debug|Any CPU
		{B725F111-4AB1-404D-81F3-C08835DF7F51}.Release|Any CPU.ActiveCfg = Release|Any CPU
		{B725F111-4AB1-404D-81F3-C08835DF7F51}.Release|Any CPU.Build.0 = Release|Any CPU
		{1EDBCB14-F36F-434B-891A-93C4156247E4}.Debug|Any CPU.ActiveCfg = Debug|Any CPU
		{1EDBCB14-F36F-434B-891A-93C4156247E4}.Debug|Any CPU.Build.0 = Debug|Any CPU
		{1EDBCB14-F36F-434B-891A-93C4156247E4}.Release|Any CPU.ActiveCfg = Release|Any CPU
		{1EDBCB14-F36F-434B-891A-93C4156247E4}.Release|Any CPU.Build.0 = Release|Any CPU
		{EC4796CC-4DE8-4AAB-8ED3-72CC8AC55C25}.Debug|Any CPU.ActiveCfg = Debug|Any CPU
		{EC4796CC-4DE8-4AAB-8ED3-72CC8AC55C25}.Debug|Any CPU.Build.0 = Debug|Any CPU
		{EC4796CC-4DE8-4AAB-8ED3-72CC8AC55C25}.Release|Any CPU.ActiveCfg = Release|Any CPU
		{EC4796CC-4DE8-4AAB-8ED3-72CC8AC55C25}.Release|Any CPU.Build.0 = Release|Any CPU
	EndGlobalSection
	GlobalSection(NestedProjects) = preSolution
		{5ECA53A3-DCE2-4463-AF5A-9CE6C9F99BB6} = {3FC011ED-3B5E-47B7-AEBF-77F44552574D}
		{864800FD-89D3-48D4-8BF5-7078E1DF0B99} = {3FC011ED-3B5E-47B7-AEBF-77F44552574D}
		{C9E21266-DE19-4100-A8B1-F49E0D1701E7} = {5ECA53A3-DCE2-4463-AF5A-9CE6C9F99BB6}
		{F4ABA962-397E-4581-804E-37500B439078} = {2F6B308E-5054-4B9B-A7FE-47850645CF1F}
		{BC78EFA6-8A0E-4AD0-9EAC-3D7897500852} = {8D193699-58D9-4B9A-9213-34E59B069727}
		{B725F111-4AB1-404D-81F3-C08835DF7F51} = {BC78EFA6-8A0E-4AD0-9EAC-3D7897500852}
		{1EDBCB14-F36F-434B-891A-93C4156247E4} = {68A1E992-4F77-4868-BBBB-161157D1390F}
		{EC4796CC-4DE8-4AAB-8ED3-72CC8AC55C25} = {864800FD-89D3-48D4-8BF5-7078E1DF0B99}
	EndGlobalSection
EndGlobal
